{
  "version": 4,
  "terraform_version": "0.12.25",
  "serial": 3,
  "lineage": "5d0ba718-6b4e-4333-ef74-081386e211ef",
  "outputs": {
    "vpc_id": {
      "value": "vpc-0aaf5f2875bccab78",
      "type": "string"
    }
  },
  "resources": [
    {
      "mode": "managed",
      "type": "aws_internet_gateway",
      "name": "default",
      "provider": "provider.aws",
      "instances": [
        {
          "schema_version": 0,
          "attributes": {
            "id": "igw-0873ede180c0f03c8",
            "owner_id": "335660250396",
            "tags": null,
            "vpc_id": "vpc-0aaf5f2875bccab78"
          },
          "private": "bnVsbA==",
          "dependencies": [
            "aws_vpc.project"
          ]
        }
      ]
    },
    {
      "mode": "managed",
      "type": "aws_subnet",
      "name": "private_app_2",
      "each": "list",
      "provider": "provider.aws",
      "instances": []
    },
    {
      "mode": "managed",
      "type": "aws_subnet",
      "name": "private_rds_1",
      "each": "list",
      "provider": "provider.aws",
      "instances": []
    },
    {
      "mode": "managed",
      "type": "aws_subnet",
      "name": "private_rds_2",
      "each": "list",
      "provider": "provider.aws",
      "instances": []
    },
    {
      "mode": "managed",
      "type": "aws_vpc",
      "name": "project",
      "provider": "provider.aws",
      "instances": [
        {
          "schema_version": 1,
          "attributes": {
            "arn": "arn:aws:ec2:us-east-1:335660250396:vpc/vpc-0aaf5f2875bccab78",
            "assign_generated_ipv6_cidr_block": false,
            "cidr_block": "10.0.0.0/22",
            "default_network_acl_id": "acl-0e59d3a36d0b933b4",
            "default_route_table_id": "rtb-08e40ee15b9ffc5e1",
            "default_security_group_id": "sg-07341027a57bbc208",
            "dhcp_options_id": "dopt-a9afb4cb",
            "enable_classiclink": false,
            "enable_classiclink_dns_support": false,
            "enable_dns_hostnames": true,
            "enable_dns_support": true,
            "id": "vpc-0aaf5f2875bccab78",
            "instance_tenancy": "default",
            "ipv6_association_id": "",
            "ipv6_cidr_block": "",
            "main_route_table_id": "rtb-08e40ee15b9ffc5e1",
            "owner_id": "335660250396",
            "tags": {
              "Name": "technologicworld"
            }
          },
          "private": "eyJzY2hlbWFfdmVyc2lvbiI6IjEifQ=="
        }
      ]
    }
  ]
}
